
Microsoft Visual Studio Solution File, Format Version 12.00
# Visual Studio Version 16
VisualStudioVersion = 16.0.31129.286
MinimumVisualStudioVersion = 10.0.40219.1
Project("{FAE04EC0-301F-11D3-BF4B-00C04F79EFBC}") = "FileManager", "FileManager\FileManager.csproj", "{1E5DD95E-AC1A-4FA9-90C4-436999CE2002}"
EndProject
Project("{8BC9CEB8-8B4A-11D0-8D11-00A0C91BC942}") = "ClientOpcUa", "ClientOpcUa\ClientOpcUa.vcxproj", "{BEB58637-5293-453B-B4BB-62B3A2785DAE}"
EndProject
Project("{FAE04EC0-301F-11D3-BF4B-00C04F79EFBC}") = "OpcUaExplorer", "OpcUaExplorer\OpcUaExplorer.csproj", "{2630B4ED-0AD9-4899-88CB-D67DFFE88CBD}"
EndProject
Project("{8BC9CEB8-8B4A-11D0-8D11-00A0C91BC942}") = "OpcUaLibrary", "OpcUaLibrary\OpcUaLibrary.vcxproj", "{EBB6643C-7516-48D8-BA99-DB0582AC0FC4}"
EndProject
Project("{8BC9CEB8-8B4A-11D0-8D11-00A0C91BC942}") = "ServerOpcUa", "ServerOpcUa\ServerOpcUa.vcxproj", "{67F2FFEF-0866-4E91-A768-0C7EA63C6B0F}"
EndProject
Project("{FAE04EC0-301F-11D3-BF4B-00C04F79EFBC}") = "BupLst", "BupLst\BupLst.csproj", "{9A5504B2-C26F-468D-97D0-DD1D6A57ACBD}"
EndProject
Project("{FAE04EC0-301F-11D3-BF4B-00C04F79EFBC}") = "OpcSrcMaker", "OpcSrcMaker\OpcSrcMaker.csproj", "{AFD5DB54-5ABF-44F5-B089-70B0C817D9F1}"
EndProject
Project("{8BC9CEB8-8B4A-11D0-8D11-00A0C91BC942}") = "HashTest", "HashTest\HashTest.vcxproj", "{E1C89AF0-879F-4F0A-8565-B5BF258609ED}"
EndProject
Project("{FAE04EC0-301F-11D3-BF4B-00C04F79EFBC}") = "WpfControlLibrary", "WpfControlLibrary\WpfControlLibrary.csproj", "{3DA4F639-B5F6-4201-A804-117C206D407C}"
EndProject
Global
	GlobalSection(SolutionConfigurationPlatforms) = preSolution
		Debug|Any CPU = Debug|Any CPU
		Debug|x64 = Debug|x64
		Debug|x86 = Debug|x86
		Release|Any CPU = Release|Any CPU
		Release|x64 = Release|x64
		Release|x86 = Release|x86
	EndGlobalSection
	GlobalSection(ProjectConfigurationPlatforms) = postSolution
		{1E5DD95E-AC1A-4FA9-90C4-436999CE2002}.Debug|Any CPU.ActiveCfg = Debug|Any CPU
		{1E5DD95E-AC1A-4FA9-90C4-436999CE2002}.Debug|Any CPU.Build.0 = Debug|Any CPU
		{1E5DD95E-AC1A-4FA9-90C4-436999CE2002}.Debug|x64.ActiveCfg = Debug|Any CPU
		{1E5DD95E-AC1A-4FA9-90C4-436999CE2002}.Debug|x64.Build.0 = Debug|Any CPU
		{1E5DD95E-AC1A-4FA9-90C4-436999CE2002}.Debug|x86.ActiveCfg = Debug|Any CPU
		{1E5DD95E-AC1A-4FA9-90C4-436999CE2002}.Debug|x86.Build.0 = Debug|Any CPU
		{1E5DD95E-AC1A-4FA9-90C4-436999CE2002}.Release|Any CPU.ActiveCfg = Release|Any CPU
		{1E5DD95E-AC1A-4FA9-90C4-436999CE2002}.Release|Any CPU.Build.0 = Release|Any CPU
		{1E5DD95E-AC1A-4FA9-90C4-436999CE2002}.Release|x64.ActiveCfg = Release|Any CPU
		{1E5DD95E-AC1A-4FA9-90C4-436999CE2002}.Release|x64.Build.0 = Release|Any CPU
		{1E5DD95E-AC1A-4FA9-90C4-436999CE2002}.Release|x86.ActiveCfg = Release|Any CPU
		{1E5DD95E-AC1A-4FA9-90C4-436999CE2002}.Release|x86.Build.0 = Release|Any CPU
		{BEB58637-5293-453B-B4BB-62B3A2785DAE}.Debug|Any CPU.ActiveCfg = Debug|Win32
		{BEB58637-5293-453B-B4BB-62B3A2785DAE}.Debug|x64.ActiveCfg = Debug|x64
		{BEB58637-5293-453B-B4BB-62B3A2785DAE}.Debug|x64.Build.0 = Debug|x64
		{BEB58637-5293-453B-B4BB-62B3A2785DAE}.Debug|x86.ActiveCfg = Debug|Win32
		{BEB58637-5293-453B-B4BB-62B3A2785DAE}.Debug|x86.Build.0 = Debug|Win32
		{BEB58637-5293-453B-B4BB-62B3A2785DAE}.Release|Any CPU.ActiveCfg = Release|Win32
		{BEB58637-5293-453B-B4BB-62B3A2785DAE}.Release|x64.ActiveCfg = Release|x64
		{BEB58637-5293-453B-B4BB-62B3A2785DAE}.Release|x64.Build.0 = Release|x64
		{BEB58637-5293-453B-B4BB-62B3A2785DAE}.Release|x86.ActiveCfg = Release|Win32
		{BEB58637-5293-453B-B4BB-62B3A2785DAE}.Release|x86.Build.0 = Release|Win32
		{2630B4ED-0AD9-4899-88CB-D67DFFE88CBD}.Debug|Any CPU.ActiveCfg = Debug|Any CPU
		{2630B4ED-0AD9-4899-88CB-D67DFFE88CBD}.Debug|Any CPU.Build.0 = Debug|Any CPU
		{2630B4ED-0AD9-4899-88CB-D67DFFE88CBD}.Debug|x64.ActiveCfg = Debug|Any CPU
		{2630B4ED-0AD9-4899-88CB-D67DFFE88CBD}.Debug|x64.Build.0 = Debug|Any CPU
		{2630B4ED-0AD9-4899-88CB-D67DFFE88CBD}.Debug|x86.ActiveCfg = Debug|Any CPU
		{2630B4ED-0AD9-4899-88CB-D67DFFE88CBD}.Debug|x86.Build.0 = Debug|Any CPU
		{2630B4ED-0AD9-4899-88CB-D67DFFE88CBD}.Release|Any CPU.ActiveCfg = Release|Any CPU
		{2630B4ED-0AD9-4899-88CB-D67DFFE88CBD}.Release|Any CPU.Build.0 = Release|Any CPU
		{2630B4ED-0AD9-4899-88CB-D67DFFE88CBD}.Release|x64.ActiveCfg = Release|Any CPU
		{2630B4ED-0AD9-4899-88CB-D67DFFE88CBD}.Release|x64.Build.0 = Release|Any CPU
		{2630B4ED-0AD9-4899-88CB-D67DFFE88CBD}.Release|x86.ActiveCfg = Release|Any CPU
		{2630B4ED-0AD9-4899-88CB-D67DFFE88CBD}.Release|x86.Build.0 = Release|Any CPU
		{EBB6643C-7516-48D8-BA99-DB0582AC0FC4}.Debug|Any CPU.ActiveCfg = Debug|Win32
		{EBB6643C-7516-48D8-BA99-DB0582AC0FC4}.Debug|Any CPU.Build.0 = Debug|Win32
		{EBB6643C-7516-48D8-BA99-DB0582AC0FC4}.Debug|x64.ActiveCfg = Debug|x64
		{EBB6643C-7516-48D8-BA99-DB0582AC0FC4}.Debug|x64.Build.0 = Debug|x64
		{EBB6643C-7516-48D8-BA99-DB0582AC0FC4}.Debug|x86.ActiveCfg = Debug|Win32
		{EBB6643C-7516-48D8-BA99-DB0582AC0FC4}.Debug|x86.Build.0 = Debug|Win32
		{EBB6643C-7516-48D8-BA99-DB0582AC0FC4}.Release|Any CPU.ActiveCfg = Release|Win32
		{EBB6643C-7516-48D8-BA99-DB0582AC0FC4}.Release|x64.ActiveCfg = Release|x64
		{EBB6643C-7516-48D8-BA99-DB0582AC0FC4}.Release|x64.Build.0 = Release|x64
		{EBB6643C-7516-48D8-BA99-DB0582AC0FC4}.Release|x86.ActiveCfg = Release|Win32
		{EBB6643C-7516-48D8-BA99-DB0582AC0FC4}.Release|x86.Build.0 = Release|Win32
		{67F2FFEF-0866-4E91-A768-0C7EA63C6B0F}.Debug|Any CPU.ActiveCfg = Debug|Win32
		{67F2FFEF-0866-4E91-A768-0C7EA63C6B0F}.Debug|x64.ActiveCfg = Debug|x64
		{67F2FFEF-0866-4E91-A768-0C7EA63C6B0F}.Debug|x64.Build.0 = Debug|x64
		{67F2FFEF-0866-4E91-A768-0C7EA63C6B0F}.Debug|x86.ActiveCfg = Debug|Win32
		{67F2FFEF-0866-4E91-A768-0C7EA63C6B0F}.Debug|x86.Build.0 = Debug|Win32
		{67F2FFEF-0866-4E91-A768-0C7EA63C6B0F}.Release|Any CPU.ActiveCfg = Release|Win32
		{67F2FFEF-0866-4E91-A768-0C7EA63C6B0F}.Release|x64.ActiveCfg = Release|x64
		{67F2FFEF-0866-4E91-A768-0C7EA63C6B0F}.Release|x64.Build.0 = Release|x64
		{67F2FFEF-0866-4E91-A768-0C7EA63C6B0F}.Release|x86.ActiveCfg = Release|Win32
		{67F2FFEF-0866-4E91-A768-0C7EA63C6B0F}.Release|x86.Build.0 = Release|Win32
		{9A5504B2-C26F-468D-97D0-DD1D6A57ACBD}.Debug|Any CPU.ActiveCfg = Debug|Any CPU
		{9A5504B2-C26F-468D-97D0-DD1D6A57ACBD}.Debug|Any CPU.Build.0 = Debug|Any CPU
		{9A5504B2-C26F-468D-97D0-DD1D6A57ACBD}.Debug|x64.ActiveCfg = Debug|Any CPU
		{9A5504B2-C26F-468D-97D0-DD1D6A57ACBD}.Debug|x64.Build.0 = Debug|Any CPU
		{9A5504B2-C26F-468D-97D0-DD1D6A57ACBD}.Debug|x86.ActiveCfg = Debug|Any CPU
		{9A5504B2-C26F-468D-97D0-DD1D6A57ACBD}.Debug|x86.Build.0 = Debug|Any CPU
		{9A5504B2-C26F-468D-97D0-DD1D6A57ACBD}.Release|Any CPU.ActiveCfg = Release|Any CPU
		{9A5504B2-C26F-468D-97D0-DD1D6A57ACBD}.Release|Any CPU.Build.0 = Release|Any CPU
		{9A5504B2-C26F-468D-97D0-DD1D6A57ACBD}.Release|x64.ActiveCfg = Release|Any CPU
		{9A5504B2-C26F-468D-97D0-DD1D6A57ACBD}.Release|x64.Build.0 = Release|Any CPU
		{9A5504B2-C26F-468D-97D0-DD1D6A57ACBD}.Release|x86.ActiveCfg = Release|Any CPU
		{9A5504B2-C26F-468D-97D0-DD1D6A57ACBD}.Release|x86.Build.0 = Release|Any CPU
		{AFD5DB54-5ABF-44F5-B089-70B0C817D9F1}.Debug|Any CPU.ActiveCfg = Debug|Any CPU
		{AFD5DB54-5ABF-44F5-B089-70B0C817D9F1}.Debug|Any CPU.Build.0 = Debug|Any CPU
		{AFD5DB54-5ABF-44F5-B089-70B0C817D9F1}.Debug|x64.ActiveCfg = Debug|Any CPU
		{AFD5DB54-5ABF-44F5-B089-70B0C817D9F1}.Debug|x64.Build.0 = Debug|Any CPU
		{AFD5DB54-5ABF-44F5-B089-70B0C817D9F1}.Debug|x86.ActiveCfg = Debug|Any CPU
		{AFD5DB54-5ABF-44F5-B089-70B0C817D9F1}.Debug|x86.Build.0 = Debug|Any CPU
		{AFD5DB54-5ABF-44F5-B089-70B0C817D9F1}.Release|Any CPU.ActiveCfg = Release|Any CPU
		{AFD5DB54-5ABF-44F5-B089-70B0C817D9F1}.Release|Any CPU.Build.0 = Release|Any CPU
		{AFD5DB54-5ABF-44F5-B089-70B0C817D9F1}.Release|x64.ActiveCfg = Release|Any CPU
		{AFD5DB54-5ABF-44F5-B089-70B0C817D9F1}.Release|x64.Build.0 = Release|Any CPU
		{AFD5DB54-5ABF-44F5-B089-70B0C817D9F1}.Release|x86.ActiveCfg = Release|Any CPU
		{AFD5DB54-5ABF-44F5-B089-70B0C817D9F1}.Release|x86.Build.0 = Release|Any CPU
		{E1C89AF0-879F-4F0A-8565-B5BF258609ED}.Debug|Any CPU.ActiveCfg = Debug|Win32
		{E1C89AF0-879F-4F0A-8565-B5BF258609ED}.Debug|x64.ActiveCfg = Debug|x64
		{E1C89AF0-879F-4F0A-8565-B5BF258609ED}.Debug|x64.Build.0 = Debug|x64
		{E1C89AF0-879F-4F0A-8565-B5BF258609ED}.Debug|x86.ActiveCfg = Debug|Win32
		{E1C89AF0-879F-4F0A-8565-B5BF258609ED}.Debug|x86.Build.0 = Debug|Win32
		{E1C89AF0-879F-4F0A-8565-B5BF258609ED}.Release|Any CPU.ActiveCfg = Release|Win32
		{E1C89AF0-879F-4F0A-8565-B5BF258609ED}.Release|x64.ActiveCfg = Release|x64
		{E1C89AF0-879F-4F0A-8565-B5BF258609ED}.Release|x64.Build.0 = Release|x64
		{E1C89AF0-879F-4F0A-8565-B5BF258609ED}.Release|x86.ActiveCfg = Release|Win32
		{E1C89AF0-879F-4F0A-8565-B5BF258609ED}.Release|x86.Build.0 = Release|Win32
		{3DA4F639-B5F6-4201-A804-117C206D407C}.Debug|Any CPU.ActiveCfg = Debug|Any CPU
		{3DA4F639-B5F6-4201-A804-117C206D407C}.Debug|Any CPU.Build.0 = Debug|Any CPU
		{3DA4F639-B5F6-4201-A804-117C206D407C}.Debug|x64.ActiveCfg = Debug|Any CPU
		{3DA4F639-B5F6-4201-A804-117C206D407C}.Debug|x64.Build.0 = Debug|Any CPU
		{3DA4F639-B5F6-4201-A804-117C206D407C}.Debug|x86.ActiveCfg = Debug|Any CPU
		{3DA4F639-B5F6-4201-A804-117C206D407C}.Debug|x86.Build.0 = Debug|Any CPU
		{3DA4F639-B5F6-4201-A804-117C206D407C}.Release|Any CPU.ActiveCfg = Release|Any CPU
		{3DA4F639-B5F6-4201-A804-117C206D407C}.Release|Any CPU.Build.0 = Release|Any CPU
		{3DA4F639-B5F6-4201-A804-117C206D407C}.Release|x64.ActiveCfg = Release|Any CPU
		{3DA4F639-B5F6-4201-A804-117C206D407C}.Release|x64.Build.0 = Release|Any CPU
		{3DA4F639-B5F6-4201-A804-117C206D407C}.Release|x86.ActiveCfg = Release|Any CPU
		{3DA4F639-B5F6-4201-A804-117C206D407C}.Release|x86.Build.0 = Release|Any CPU
	EndGlobalSection
	GlobalSection(SolutionProperties) = preSolution
		HideSolutionNode = FALSE
	EndGlobalSection
	GlobalSection(ExtensibilityGlobals) = postSolution
		SolutionGuid = {4D81DBD8-86C8-4C64-84E3-C051E86061D9}
	EndGlobalSection
EndGlobal
