
Microsoft Visual Studio Solution File, Format Version 12.00
# Visual Studio Version 16
VisualStudioVersion = 16.0.31129.286
MinimumVisualStudioVersion = 10.0.40219.1
Project("{FAE04EC0-301F-11D3-BF4B-00C04F79EFBC}") = "FileManager", "FileManager\FileManager.csproj", "{1E5DD95E-AC1A-4FA9-90C4-436999CE2002}"
EndProject
Project("{8BC9CEB8-8B4A-11D0-8D11-00A0C91BC942}") = "ClientOpcUa", "ClientOpcUa\ClientOpcUa.vcxproj", "{BEB58637-5293-453B-B4BB-62B3A2785DAE}"
EndProject
Project("{FAE04EC0-301F-11D3-BF4B-00C04F79EFBC}") = "OpcUaExplorer", "OpcUaExplorer\OpcUaExplorer.csproj", "{2630B4ED-0AD9-4899-88CB-D67DFFE88CBD}"
EndProject
Project("{8BC9CEB8-8B4A-11D0-8D11-00A0C91BC942}") = "OpcUaLibrary", "OpcUaLibrary\OpcUaLibrary.vcxproj", "{EBB6643C-7516-48D8-BA99-DB0582AC0FC4}"
EndProject
Project("{8BC9CEB8-8B4A-11D0-8D11-00A0C91BC942}") = "ServerOpcUa", "ServerOpcUa\ServerOpcUa.vcxproj", "{67F2FFEF-0866-4E91-A768-0C7EA63C6B0F}"
EndProject
Project("{FAE04EC0-301F-11D3-BF4B-00C04F79EFBC}") = "BupLst", "BupLst\BupLst.csproj", "{9A5504B2-C26F-468D-97D0-DD1D6A57ACBD}"
EndProject
Project("{FAE04EC0-301F-11D3-BF4B-00C04F79EFBC}") = "OpcSrcMaker", "OpcSrcMaker\OpcSrcMaker.csproj", "{AFD5DB54-5ABF-44F5-B089-70B0C817D9F1}"
EndProject
Project("{FAE04EC0-301F-11D3-BF4B-00C04F79EFBC}") = "PgmError", "PgmError\PgmError.csproj", "{19BB927B-89F7-4ADC-BD3E-3A35D4CCA001}"
EndProject
Project("{FAE04EC0-301F-11D3-BF4B-00C04F79EFBC}") = "BupExplorer", "BupExplorer\BupExplorer.csproj", "{6E8ABB35-386F-4C29-9F9F-210BE060A483}"
EndProject
Project("{FAE04EC0-301F-11D3-BF4B-00C04F79EFBC}") = "WinOpcUa", "WinOpcUa\WinOpcUa.csproj", "{FE68F5A7-DB76-41FE-A01E-B7B9ABE398B6}"
EndProject
Project("{8BC9CEB8-8B4A-11D0-8D11-00A0C91BC942}") = "ConsolePublisher", "ConsolePublisher\ConsolePublisher.vcxproj", "{FAFDF5F0-D0A4-4692-A468-B30AC77CFBBF}"
EndProject
Project("{54435603-DBB4-11D2-8724-00A0C9A8B90C}") = "SetupPublisher", "SetupPublisher\SetupPublisher.vdproj", "{257EB9C5-F540-4540-9F3F-B1EA465C979F}"
EndProject
Project("{8BC9CEB8-8B4A-11D0-8D11-00A0C91BC942}") = "MulticastTest", "MulticastTest\MulticastTest.vcxproj", "{717E6E65-6679-49C9-BFB5-140E3C7ED571}"
EndProject
Project("{8BC9CEB8-8B4A-11D0-8D11-00A0C91BC942}") = "ConsolePubsubPublish", "ConsolePubsubPublish\ConsolePubsubPublish.vcxproj", "{5CC316D6-099C-4B6B-B908-9F6DB4B04809}"
EndProject
Project("{8BC9CEB8-8B4A-11D0-8D11-00A0C91BC942}") = "HashTest", "HashTest\HashTest.vcxproj", "{E1C89AF0-879F-4F0A-8565-B5BF258609ED}"
EndProject
Project("{FAE04EC0-301F-11D3-BF4B-00C04F79EFBC}") = "ConfigOpcUa", "ConfigOpcUa\ConfigOpcUa.csproj", "{07830FF7-FE44-440F-A212-9BC04A23C059}"
EndProject
Project("{FAE04EC0-301F-11D3-BF4B-00C04F79EFBC}") = "ZatCad", "ZatCad\ZatCad.csproj", "{88964FF5-B5EC-4FA4-AEA1-EB16C3E931A4}"
EndProject
Global
	GlobalSection(SolutionConfigurationPlatforms) = preSolution
		Debug|Any CPU = Debug|Any CPU
		Debug|Win32 = Debug|Win32
		Debug|x64 = Debug|x64
		Debug|x86 = Debug|x86
		MinSizeRel|Any CPU = MinSizeRel|Any CPU
		MinSizeRel|Win32 = MinSizeRel|Win32
		MinSizeRel|x64 = MinSizeRel|x64
		MinSizeRel|x86 = MinSizeRel|x86
		Release|Any CPU = Release|Any CPU
		Release|Win32 = Release|Win32
		Release|x64 = Release|x64
		Release|x86 = Release|x86
		RelWithDebInfo|Any CPU = RelWithDebInfo|Any CPU
		RelWithDebInfo|Win32 = RelWithDebInfo|Win32
		RelWithDebInfo|x64 = RelWithDebInfo|x64
		RelWithDebInfo|x86 = RelWithDebInfo|x86
	EndGlobalSection
	GlobalSection(ProjectConfigurationPlatforms) = postSolution
		{1E5DD95E-AC1A-4FA9-90C4-436999CE2002}.Debug|Any CPU.ActiveCfg = Debug|Any CPU
		{1E5DD95E-AC1A-4FA9-90C4-436999CE2002}.Debug|Any CPU.Build.0 = Debug|Any CPU
		{1E5DD95E-AC1A-4FA9-90C4-436999CE2002}.Debug|Win32.ActiveCfg = Debug|Any CPU
		{1E5DD95E-AC1A-4FA9-90C4-436999CE2002}.Debug|Win32.Build.0 = Debug|Any CPU
		{1E5DD95E-AC1A-4FA9-90C4-436999CE2002}.Debug|x64.ActiveCfg = Debug|Any CPU
		{1E5DD95E-AC1A-4FA9-90C4-436999CE2002}.Debug|x64.Build.0 = Debug|Any CPU
		{1E5DD95E-AC1A-4FA9-90C4-436999CE2002}.Debug|x86.ActiveCfg = Debug|Any CPU
		{1E5DD95E-AC1A-4FA9-90C4-436999CE2002}.Debug|x86.Build.0 = Debug|Any CPU
		{1E5DD95E-AC1A-4FA9-90C4-436999CE2002}.MinSizeRel|Any CPU.ActiveCfg = Release|Any CPU
		{1E5DD95E-AC1A-4FA9-90C4-436999CE2002}.MinSizeRel|Any CPU.Build.0 = Release|Any CPU
		{1E5DD95E-AC1A-4FA9-90C4-436999CE2002}.MinSizeRel|Win32.ActiveCfg = Release|Any CPU
		{1E5DD95E-AC1A-4FA9-90C4-436999CE2002}.MinSizeRel|Win32.Build.0 = Release|Any CPU
		{1E5DD95E-AC1A-4FA9-90C4-436999CE2002}.MinSizeRel|x64.ActiveCfg = Release|Any CPU
		{1E5DD95E-AC1A-4FA9-90C4-436999CE2002}.MinSizeRel|x64.Build.0 = Release|Any CPU
		{1E5DD95E-AC1A-4FA9-90C4-436999CE2002}.MinSizeRel|x86.ActiveCfg = Release|Any CPU
		{1E5DD95E-AC1A-4FA9-90C4-436999CE2002}.MinSizeRel|x86.Build.0 = Release|Any CPU
		{1E5DD95E-AC1A-4FA9-90C4-436999CE2002}.Release|Any CPU.ActiveCfg = Release|Any CPU
		{1E5DD95E-AC1A-4FA9-90C4-436999CE2002}.Release|Any CPU.Build.0 = Release|Any CPU
		{1E5DD95E-AC1A-4FA9-90C4-436999CE2002}.Release|Win32.ActiveCfg = Release|Any CPU
		{1E5DD95E-AC1A-4FA9-90C4-436999CE2002}.Release|Win32.Build.0 = Release|Any CPU
		{1E5DD95E-AC1A-4FA9-90C4-436999CE2002}.Release|x64.ActiveCfg = Release|Any CPU
		{1E5DD95E-AC1A-4FA9-90C4-436999CE2002}.Release|x64.Build.0 = Release|Any CPU
		{1E5DD95E-AC1A-4FA9-90C4-436999CE2002}.Release|x86.ActiveCfg = Release|Any CPU
		{1E5DD95E-AC1A-4FA9-90C4-436999CE2002}.Release|x86.Build.0 = Release|Any CPU
		{1E5DD95E-AC1A-4FA9-90C4-436999CE2002}.RelWithDebInfo|Any CPU.ActiveCfg = Release|Any CPU
		{1E5DD95E-AC1A-4FA9-90C4-436999CE2002}.RelWithDebInfo|Any CPU.Build.0 = Release|Any CPU
		{1E5DD95E-AC1A-4FA9-90C4-436999CE2002}.RelWithDebInfo|Win32.ActiveCfg = Release|Any CPU
		{1E5DD95E-AC1A-4FA9-90C4-436999CE2002}.RelWithDebInfo|Win32.Build.0 = Release|Any CPU
		{1E5DD95E-AC1A-4FA9-90C4-436999CE2002}.RelWithDebInfo|x64.ActiveCfg = Release|Any CPU
		{1E5DD95E-AC1A-4FA9-90C4-436999CE2002}.RelWithDebInfo|x64.Build.0 = Release|Any CPU
		{1E5DD95E-AC1A-4FA9-90C4-436999CE2002}.RelWithDebInfo|x86.ActiveCfg = Release|Any CPU
		{1E5DD95E-AC1A-4FA9-90C4-436999CE2002}.RelWithDebInfo|x86.Build.0 = Release|Any CPU
		{BEB58637-5293-453B-B4BB-62B3A2785DAE}.Debug|Any CPU.ActiveCfg = Debug|Win32
		{BEB58637-5293-453B-B4BB-62B3A2785DAE}.Debug|Win32.ActiveCfg = Debug|Win32
		{BEB58637-5293-453B-B4BB-62B3A2785DAE}.Debug|Win32.Build.0 = Debug|Win32
		{BEB58637-5293-453B-B4BB-62B3A2785DAE}.Debug|x64.ActiveCfg = Debug|x64
		{BEB58637-5293-453B-B4BB-62B3A2785DAE}.Debug|x64.Build.0 = Debug|x64
		{BEB58637-5293-453B-B4BB-62B3A2785DAE}.Debug|x86.ActiveCfg = Debug|Win32
		{BEB58637-5293-453B-B4BB-62B3A2785DAE}.Debug|x86.Build.0 = Debug|Win32
		{BEB58637-5293-453B-B4BB-62B3A2785DAE}.MinSizeRel|Any CPU.ActiveCfg = Release|x64
		{BEB58637-5293-453B-B4BB-62B3A2785DAE}.MinSizeRel|Any CPU.Build.0 = Release|x64
		{BEB58637-5293-453B-B4BB-62B3A2785DAE}.MinSizeRel|Win32.ActiveCfg = Release|Win32
		{BEB58637-5293-453B-B4BB-62B3A2785DAE}.MinSizeRel|Win32.Build.0 = Release|Win32
		{BEB58637-5293-453B-B4BB-62B3A2785DAE}.MinSizeRel|x64.ActiveCfg = Release|x64
		{BEB58637-5293-453B-B4BB-62B3A2785DAE}.MinSizeRel|x64.Build.0 = Release|x64
		{BEB58637-5293-453B-B4BB-62B3A2785DAE}.MinSizeRel|x86.ActiveCfg = Release|Win32
		{BEB58637-5293-453B-B4BB-62B3A2785DAE}.MinSizeRel|x86.Build.0 = Release|Win32
		{BEB58637-5293-453B-B4BB-62B3A2785DAE}.Release|Any CPU.ActiveCfg = Release|Win32
		{BEB58637-5293-453B-B4BB-62B3A2785DAE}.Release|Win32.ActiveCfg = Release|Win32
		{BEB58637-5293-453B-B4BB-62B3A2785DAE}.Release|Win32.Build.0 = Release|Win32
		{BEB58637-5293-453B-B4BB-62B3A2785DAE}.Release|x64.ActiveCfg = Release|x64
		{BEB58637-5293-453B-B4BB-62B3A2785DAE}.Release|x64.Build.0 = Release|x64
		{BEB58637-5293-453B-B4BB-62B3A2785DAE}.Release|x86.ActiveCfg = Release|Win32
		{BEB58637-5293-453B-B4BB-62B3A2785DAE}.Release|x86.Build.0 = Release|Win32
		{BEB58637-5293-453B-B4BB-62B3A2785DAE}.RelWithDebInfo|Any CPU.ActiveCfg = Release|x64
		{BEB58637-5293-453B-B4BB-62B3A2785DAE}.RelWithDebInfo|Any CPU.Build.0 = Release|x64
		{BEB58637-5293-453B-B4BB-62B3A2785DAE}.RelWithDebInfo|Win32.ActiveCfg = Release|Win32
		{BEB58637-5293-453B-B4BB-62B3A2785DAE}.RelWithDebInfo|Win32.Build.0 = Release|Win32
		{BEB58637-5293-453B-B4BB-62B3A2785DAE}.RelWithDebInfo|x64.ActiveCfg = Release|x64
		{BEB58637-5293-453B-B4BB-62B3A2785DAE}.RelWithDebInfo|x64.Build.0 = Release|x64
		{BEB58637-5293-453B-B4BB-62B3A2785DAE}.RelWithDebInfo|x86.ActiveCfg = Release|Win32
		{BEB58637-5293-453B-B4BB-62B3A2785DAE}.RelWithDebInfo|x86.Build.0 = Release|Win32
		{2630B4ED-0AD9-4899-88CB-D67DFFE88CBD}.Debug|Any CPU.ActiveCfg = Debug|Any CPU
		{2630B4ED-0AD9-4899-88CB-D67DFFE88CBD}.Debug|Any CPU.Build.0 = Debug|Any CPU
		{2630B4ED-0AD9-4899-88CB-D67DFFE88CBD}.Debug|Win32.ActiveCfg = Debug|Any CPU
		{2630B4ED-0AD9-4899-88CB-D67DFFE88CBD}.Debug|Win32.Build.0 = Debug|Any CPU
		{2630B4ED-0AD9-4899-88CB-D67DFFE88CBD}.Debug|x64.ActiveCfg = Debug|Any CPU
		{2630B4ED-0AD9-4899-88CB-D67DFFE88CBD}.Debug|x64.Build.0 = Debug|Any CPU
		{2630B4ED-0AD9-4899-88CB-D67DFFE88CBD}.Debug|x86.ActiveCfg = Debug|Any CPU
		{2630B4ED-0AD9-4899-88CB-D67DFFE88CBD}.Debug|x86.Build.0 = Debug|Any CPU
		{2630B4ED-0AD9-4899-88CB-D67DFFE88CBD}.MinSizeRel|Any CPU.ActiveCfg = Release|Any CPU
		{2630B4ED-0AD9-4899-88CB-D67DFFE88CBD}.MinSizeRel|Any CPU.Build.0 = Release|Any CPU
		{2630B4ED-0AD9-4899-88CB-D67DFFE88CBD}.MinSizeRel|Win32.ActiveCfg = Release|Any CPU
		{2630B4ED-0AD9-4899-88CB-D67DFFE88CBD}.MinSizeRel|Win32.Build.0 = Release|Any CPU
		{2630B4ED-0AD9-4899-88CB-D67DFFE88CBD}.MinSizeRel|x64.ActiveCfg = Release|Any CPU
		{2630B4ED-0AD9-4899-88CB-D67DFFE88CBD}.MinSizeRel|x64.Build.0 = Release|Any CPU
		{2630B4ED-0AD9-4899-88CB-D67DFFE88CBD}.MinSizeRel|x86.ActiveCfg = Release|Any CPU
		{2630B4ED-0AD9-4899-88CB-D67DFFE88CBD}.MinSizeRel|x86.Build.0 = Release|Any CPU
		{2630B4ED-0AD9-4899-88CB-D67DFFE88CBD}.Release|Any CPU.ActiveCfg = Release|Any CPU
		{2630B4ED-0AD9-4899-88CB-D67DFFE88CBD}.Release|Any CPU.Build.0 = Release|Any CPU
		{2630B4ED-0AD9-4899-88CB-D67DFFE88CBD}.Release|Win32.ActiveCfg = Release|Any CPU
		{2630B4ED-0AD9-4899-88CB-D67DFFE88CBD}.Release|Win32.Build.0 = Release|Any CPU
		{2630B4ED-0AD9-4899-88CB-D67DFFE88CBD}.Release|x64.ActiveCfg = Release|Any CPU
		{2630B4ED-0AD9-4899-88CB-D67DFFE88CBD}.Release|x64.Build.0 = Release|Any CPU
		{2630B4ED-0AD9-4899-88CB-D67DFFE88CBD}.Release|x86.ActiveCfg = Release|Any CPU
		{2630B4ED-0AD9-4899-88CB-D67DFFE88CBD}.Release|x86.Build.0 = Release|Any CPU
		{2630B4ED-0AD9-4899-88CB-D67DFFE88CBD}.RelWithDebInfo|Any CPU.ActiveCfg = Release|Any CPU
		{2630B4ED-0AD9-4899-88CB-D67DFFE88CBD}.RelWithDebInfo|Any CPU.Build.0 = Release|Any CPU
		{2630B4ED-0AD9-4899-88CB-D67DFFE88CBD}.RelWithDebInfo|Win32.ActiveCfg = Release|Any CPU
		{2630B4ED-0AD9-4899-88CB-D67DFFE88CBD}.RelWithDebInfo|Win32.Build.0 = Release|Any CPU
		{2630B4ED-0AD9-4899-88CB-D67DFFE88CBD}.RelWithDebInfo|x64.ActiveCfg = Release|Any CPU
		{2630B4ED-0AD9-4899-88CB-D67DFFE88CBD}.RelWithDebInfo|x64.Build.0 = Release|Any CPU
		{2630B4ED-0AD9-4899-88CB-D67DFFE88CBD}.RelWithDebInfo|x86.ActiveCfg = Release|Any CPU
		{2630B4ED-0AD9-4899-88CB-D67DFFE88CBD}.RelWithDebInfo|x86.Build.0 = Release|Any CPU
		{EBB6643C-7516-48D8-BA99-DB0582AC0FC4}.Debug|Any CPU.ActiveCfg = Debug|Win32
		{EBB6643C-7516-48D8-BA99-DB0582AC0FC4}.Debug|Any CPU.Build.0 = Debug|Win32
		{EBB6643C-7516-48D8-BA99-DB0582AC0FC4}.Debug|Win32.ActiveCfg = Debug|Win32
		{EBB6643C-7516-48D8-BA99-DB0582AC0FC4}.Debug|Win32.Build.0 = Debug|Win32
		{EBB6643C-7516-48D8-BA99-DB0582AC0FC4}.Debug|x64.ActiveCfg = Debug|x64
		{EBB6643C-7516-48D8-BA99-DB0582AC0FC4}.Debug|x64.Build.0 = Debug|x64
		{EBB6643C-7516-48D8-BA99-DB0582AC0FC4}.Debug|x86.ActiveCfg = Debug|Win32
		{EBB6643C-7516-48D8-BA99-DB0582AC0FC4}.Debug|x86.Build.0 = Debug|Win32
		{EBB6643C-7516-48D8-BA99-DB0582AC0FC4}.MinSizeRel|Any CPU.ActiveCfg = Release|x64
		{EBB6643C-7516-48D8-BA99-DB0582AC0FC4}.MinSizeRel|Any CPU.Build.0 = Release|x64
		{EBB6643C-7516-48D8-BA99-DB0582AC0FC4}.MinSizeRel|Win32.ActiveCfg = Release|Win32
		{EBB6643C-7516-48D8-BA99-DB0582AC0FC4}.MinSizeRel|Win32.Build.0 = Release|Win32
		{EBB6643C-7516-48D8-BA99-DB0582AC0FC4}.MinSizeRel|x64.ActiveCfg = Release|x64
		{EBB6643C-7516-48D8-BA99-DB0582AC0FC4}.MinSizeRel|x64.Build.0 = Release|x64
		{EBB6643C-7516-48D8-BA99-DB0582AC0FC4}.MinSizeRel|x86.ActiveCfg = Release|Win32
		{EBB6643C-7516-48D8-BA99-DB0582AC0FC4}.MinSizeRel|x86.Build.0 = Release|Win32
		{EBB6643C-7516-48D8-BA99-DB0582AC0FC4}.Release|Any CPU.ActiveCfg = Release|Win32
		{EBB6643C-7516-48D8-BA99-DB0582AC0FC4}.Release|Win32.ActiveCfg = Release|Win32
		{EBB6643C-7516-48D8-BA99-DB0582AC0FC4}.Release|Win32.Build.0 = Release|Win32
		{EBB6643C-7516-48D8-BA99-DB0582AC0FC4}.Release|x64.ActiveCfg = Release|x64
		{EBB6643C-7516-48D8-BA99-DB0582AC0FC4}.Release|x64.Build.0 = Release|x64
		{EBB6643C-7516-48D8-BA99-DB0582AC0FC4}.Release|x86.ActiveCfg = Release|Win32
		{EBB6643C-7516-48D8-BA99-DB0582AC0FC4}.Release|x86.Build.0 = Release|Win32
		{EBB6643C-7516-48D8-BA99-DB0582AC0FC4}.RelWithDebInfo|Any CPU.ActiveCfg = Release|x64
		{EBB6643C-7516-48D8-BA99-DB0582AC0FC4}.RelWithDebInfo|Any CPU.Build.0 = Release|x64
		{EBB6643C-7516-48D8-BA99-DB0582AC0FC4}.RelWithDebInfo|Win32.ActiveCfg = Release|Win32
		{EBB6643C-7516-48D8-BA99-DB0582AC0FC4}.RelWithDebInfo|Win32.Build.0 = Release|Win32
		{EBB6643C-7516-48D8-BA99-DB0582AC0FC4}.RelWithDebInfo|x64.ActiveCfg = Release|x64
		{EBB6643C-7516-48D8-BA99-DB0582AC0FC4}.RelWithDebInfo|x64.Build.0 = Release|x64
		{EBB6643C-7516-48D8-BA99-DB0582AC0FC4}.RelWithDebInfo|x86.ActiveCfg = Release|Win32
		{EBB6643C-7516-48D8-BA99-DB0582AC0FC4}.RelWithDebInfo|x86.Build.0 = Release|Win32
		{67F2FFEF-0866-4E91-A768-0C7EA63C6B0F}.Debug|Any CPU.ActiveCfg = Debug|Win32
		{67F2FFEF-0866-4E91-A768-0C7EA63C6B0F}.Debug|Win32.ActiveCfg = Debug|Win32
		{67F2FFEF-0866-4E91-A768-0C7EA63C6B0F}.Debug|Win32.Build.0 = Debug|Win32
		{67F2FFEF-0866-4E91-A768-0C7EA63C6B0F}.Debug|x64.ActiveCfg = Debug|x64
		{67F2FFEF-0866-4E91-A768-0C7EA63C6B0F}.Debug|x64.Build.0 = Debug|x64
		{67F2FFEF-0866-4E91-A768-0C7EA63C6B0F}.Debug|x86.ActiveCfg = Debug|Win32
		{67F2FFEF-0866-4E91-A768-0C7EA63C6B0F}.Debug|x86.Build.0 = Debug|Win32
		{67F2FFEF-0866-4E91-A768-0C7EA63C6B0F}.MinSizeRel|Any CPU.ActiveCfg = Release|x64
		{67F2FFEF-0866-4E91-A768-0C7EA63C6B0F}.MinSizeRel|Any CPU.Build.0 = Release|x64
		{67F2FFEF-0866-4E91-A768-0C7EA63C6B0F}.MinSizeRel|Win32.ActiveCfg = Release|Win32
		{67F2FFEF-0866-4E91-A768-0C7EA63C6B0F}.MinSizeRel|Win32.Build.0 = Release|Win32
		{67F2FFEF-0866-4E91-A768-0C7EA63C6B0F}.MinSizeRel|x64.ActiveCfg = Release|x64
		{67F2FFEF-0866-4E91-A768-0C7EA63C6B0F}.MinSizeRel|x64.Build.0 = Release|x64
		{67F2FFEF-0866-4E91-A768-0C7EA63C6B0F}.MinSizeRel|x86.ActiveCfg = Release|Win32
		{67F2FFEF-0866-4E91-A768-0C7EA63C6B0F}.MinSizeRel|x86.Build.0 = Release|Win32
		{67F2FFEF-0866-4E91-A768-0C7EA63C6B0F}.Release|Any CPU.ActiveCfg = Release|Win32
		{67F2FFEF-0866-4E91-A768-0C7EA63C6B0F}.Release|Win32.ActiveCfg = Release|Win32
		{67F2FFEF-0866-4E91-A768-0C7EA63C6B0F}.Release|Win32.Build.0 = Release|Win32
		{67F2FFEF-0866-4E91-A768-0C7EA63C6B0F}.Release|x64.ActiveCfg = Release|x64
		{67F2FFEF-0866-4E91-A768-0C7EA63C6B0F}.Release|x64.Build.0 = Release|x64
		{67F2FFEF-0866-4E91-A768-0C7EA63C6B0F}.Release|x86.ActiveCfg = Release|Win32
		{67F2FFEF-0866-4E91-A768-0C7EA63C6B0F}.Release|x86.Build.0 = Release|Win32
		{67F2FFEF-0866-4E91-A768-0C7EA63C6B0F}.RelWithDebInfo|Any CPU.ActiveCfg = Release|x64
		{67F2FFEF-0866-4E91-A768-0C7EA63C6B0F}.RelWithDebInfo|Any CPU.Build.0 = Release|x64
		{67F2FFEF-0866-4E91-A768-0C7EA63C6B0F}.RelWithDebInfo|Win32.ActiveCfg = Release|Win32
		{67F2FFEF-0866-4E91-A768-0C7EA63C6B0F}.RelWithDebInfo|Win32.Build.0 = Release|Win32
		{67F2FFEF-0866-4E91-A768-0C7EA63C6B0F}.RelWithDebInfo|x64.ActiveCfg = Release|x64
		{67F2FFEF-0866-4E91-A768-0C7EA63C6B0F}.RelWithDebInfo|x64.Build.0 = Release|x64
		{67F2FFEF-0866-4E91-A768-0C7EA63C6B0F}.RelWithDebInfo|x86.ActiveCfg = Release|Win32
		{67F2FFEF-0866-4E91-A768-0C7EA63C6B0F}.RelWithDebInfo|x86.Build.0 = Release|Win32
		{9A5504B2-C26F-468D-97D0-DD1D6A57ACBD}.Debug|Any CPU.ActiveCfg = Debug|Any CPU
		{9A5504B2-C26F-468D-97D0-DD1D6A57ACBD}.Debug|Any CPU.Build.0 = Debug|Any CPU
		{9A5504B2-C26F-468D-97D0-DD1D6A57ACBD}.Debug|Win32.ActiveCfg = Debug|Any CPU
		{9A5504B2-C26F-468D-97D0-DD1D6A57ACBD}.Debug|Win32.Build.0 = Debug|Any CPU
		{9A5504B2-C26F-468D-97D0-DD1D6A57ACBD}.Debug|x64.ActiveCfg = Debug|Any CPU
		{9A5504B2-C26F-468D-97D0-DD1D6A57ACBD}.Debug|x64.Build.0 = Debug|Any CPU
		{9A5504B2-C26F-468D-97D0-DD1D6A57ACBD}.Debug|x86.ActiveCfg = Debug|Any CPU
		{9A5504B2-C26F-468D-97D0-DD1D6A57ACBD}.Debug|x86.Build.0 = Debug|Any CPU
		{9A5504B2-C26F-468D-97D0-DD1D6A57ACBD}.MinSizeRel|Any CPU.ActiveCfg = Release|Any CPU
		{9A5504B2-C26F-468D-97D0-DD1D6A57ACBD}.MinSizeRel|Any CPU.Build.0 = Release|Any CPU
		{9A5504B2-C26F-468D-97D0-DD1D6A57ACBD}.MinSizeRel|Win32.ActiveCfg = Release|Any CPU
		{9A5504B2-C26F-468D-97D0-DD1D6A57ACBD}.MinSizeRel|Win32.Build.0 = Release|Any CPU
		{9A5504B2-C26F-468D-97D0-DD1D6A57ACBD}.MinSizeRel|x64.ActiveCfg = Release|Any CPU
		{9A5504B2-C26F-468D-97D0-DD1D6A57ACBD}.MinSizeRel|x64.Build.0 = Release|Any CPU
		{9A5504B2-C26F-468D-97D0-DD1D6A57ACBD}.MinSizeRel|x86.ActiveCfg = Release|Any CPU
		{9A5504B2-C26F-468D-97D0-DD1D6A57ACBD}.MinSizeRel|x86.Build.0 = Release|Any CPU
		{9A5504B2-C26F-468D-97D0-DD1D6A57ACBD}.Release|Any CPU.ActiveCfg = Release|Any CPU
		{9A5504B2-C26F-468D-97D0-DD1D6A57ACBD}.Release|Any CPU.Build.0 = Release|Any CPU
		{9A5504B2-C26F-468D-97D0-DD1D6A57ACBD}.Release|Win32.ActiveCfg = Release|Any CPU
		{9A5504B2-C26F-468D-97D0-DD1D6A57ACBD}.Release|Win32.Build.0 = Release|Any CPU
		{9A5504B2-C26F-468D-97D0-DD1D6A57ACBD}.Release|x64.ActiveCfg = Release|Any CPU
		{9A5504B2-C26F-468D-97D0-DD1D6A57ACBD}.Release|x64.Build.0 = Release|Any CPU
		{9A5504B2-C26F-468D-97D0-DD1D6A57ACBD}.Release|x86.ActiveCfg = Release|Any CPU
		{9A5504B2-C26F-468D-97D0-DD1D6A57ACBD}.Release|x86.Build.0 = Release|Any CPU
		{9A5504B2-C26F-468D-97D0-DD1D6A57ACBD}.RelWithDebInfo|Any CPU.ActiveCfg = Release|Any CPU
		{9A5504B2-C26F-468D-97D0-DD1D6A57ACBD}.RelWithDebInfo|Any CPU.Build.0 = Release|Any CPU
		{9A5504B2-C26F-468D-97D0-DD1D6A57ACBD}.RelWithDebInfo|Win32.ActiveCfg = Release|Any CPU
		{9A5504B2-C26F-468D-97D0-DD1D6A57ACBD}.RelWithDebInfo|Win32.Build.0 = Release|Any CPU
		{9A5504B2-C26F-468D-97D0-DD1D6A57ACBD}.RelWithDebInfo|x64.ActiveCfg = Release|Any CPU
		{9A5504B2-C26F-468D-97D0-DD1D6A57ACBD}.RelWithDebInfo|x64.Build.0 = Release|Any CPU
		{9A5504B2-C26F-468D-97D0-DD1D6A57ACBD}.RelWithDebInfo|x86.ActiveCfg = Release|Any CPU
		{9A5504B2-C26F-468D-97D0-DD1D6A57ACBD}.RelWithDebInfo|x86.Build.0 = Release|Any CPU
		{AFD5DB54-5ABF-44F5-B089-70B0C817D9F1}.Debug|Any CPU.ActiveCfg = Debug|Any CPU
		{AFD5DB54-5ABF-44F5-B089-70B0C817D9F1}.Debug|Any CPU.Build.0 = Debug|Any CPU
		{AFD5DB54-5ABF-44F5-B089-70B0C817D9F1}.Debug|Win32.ActiveCfg = Debug|Any CPU
		{AFD5DB54-5ABF-44F5-B089-70B0C817D9F1}.Debug|Win32.Build.0 = Debug|Any CPU
		{AFD5DB54-5ABF-44F5-B089-70B0C817D9F1}.Debug|x64.ActiveCfg = Debug|Any CPU
		{AFD5DB54-5ABF-44F5-B089-70B0C817D9F1}.Debug|x64.Build.0 = Debug|Any CPU
		{AFD5DB54-5ABF-44F5-B089-70B0C817D9F1}.Debug|x86.ActiveCfg = Debug|Any CPU
		{AFD5DB54-5ABF-44F5-B089-70B0C817D9F1}.Debug|x86.Build.0 = Debug|Any CPU
		{AFD5DB54-5ABF-44F5-B089-70B0C817D9F1}.MinSizeRel|Any CPU.ActiveCfg = Release|Any CPU
		{AFD5DB54-5ABF-44F5-B089-70B0C817D9F1}.MinSizeRel|Any CPU.Build.0 = Release|Any CPU
		{AFD5DB54-5ABF-44F5-B089-70B0C817D9F1}.MinSizeRel|Win32.ActiveCfg = Release|Any CPU
		{AFD5DB54-5ABF-44F5-B089-70B0C817D9F1}.MinSizeRel|Win32.Build.0 = Release|Any CPU
		{AFD5DB54-5ABF-44F5-B089-70B0C817D9F1}.MinSizeRel|x64.ActiveCfg = Release|Any CPU
		{AFD5DB54-5ABF-44F5-B089-70B0C817D9F1}.MinSizeRel|x64.Build.0 = Release|Any CPU
		{AFD5DB54-5ABF-44F5-B089-70B0C817D9F1}.MinSizeRel|x86.ActiveCfg = Release|Any CPU
		{AFD5DB54-5ABF-44F5-B089-70B0C817D9F1}.MinSizeRel|x86.Build.0 = Release|Any CPU
		{AFD5DB54-5ABF-44F5-B089-70B0C817D9F1}.Release|Any CPU.ActiveCfg = Release|Any CPU
		{AFD5DB54-5ABF-44F5-B089-70B0C817D9F1}.Release|Any CPU.Build.0 = Release|Any CPU
		{AFD5DB54-5ABF-44F5-B089-70B0C817D9F1}.Release|Win32.ActiveCfg = Release|Any CPU
		{AFD5DB54-5ABF-44F5-B089-70B0C817D9F1}.Release|Win32.Build.0 = Release|Any CPU
		{AFD5DB54-5ABF-44F5-B089-70B0C817D9F1}.Release|x64.ActiveCfg = Release|Any CPU
		{AFD5DB54-5ABF-44F5-B089-70B0C817D9F1}.Release|x64.Build.0 = Release|Any CPU
		{AFD5DB54-5ABF-44F5-B089-70B0C817D9F1}.Release|x86.ActiveCfg = Release|Any CPU
		{AFD5DB54-5ABF-44F5-B089-70B0C817D9F1}.Release|x86.Build.0 = Release|Any CPU
		{AFD5DB54-5ABF-44F5-B089-70B0C817D9F1}.RelWithDebInfo|Any CPU.ActiveCfg = Release|Any CPU
		{AFD5DB54-5ABF-44F5-B089-70B0C817D9F1}.RelWithDebInfo|Any CPU.Build.0 = Release|Any CPU
		{AFD5DB54-5ABF-44F5-B089-70B0C817D9F1}.RelWithDebInfo|Win32.ActiveCfg = Release|Any CPU
		{AFD5DB54-5ABF-44F5-B089-70B0C817D9F1}.RelWithDebInfo|Win32.Build.0 = Release|Any CPU
		{AFD5DB54-5ABF-44F5-B089-70B0C817D9F1}.RelWithDebInfo|x64.ActiveCfg = Release|Any CPU
		{AFD5DB54-5ABF-44F5-B089-70B0C817D9F1}.RelWithDebInfo|x64.Build.0 = Release|Any CPU
		{AFD5DB54-5ABF-44F5-B089-70B0C817D9F1}.RelWithDebInfo|x86.ActiveCfg = Release|Any CPU
		{AFD5DB54-5ABF-44F5-B089-70B0C817D9F1}.RelWithDebInfo|x86.Build.0 = Release|Any CPU
		{19BB927B-89F7-4ADC-BD3E-3A35D4CCA001}.Debug|Any CPU.ActiveCfg = Debug|Any CPU
		{19BB927B-89F7-4ADC-BD3E-3A35D4CCA001}.Debug|Any CPU.Build.0 = Debug|Any CPU
		{19BB927B-89F7-4ADC-BD3E-3A35D4CCA001}.Debug|Win32.ActiveCfg = Debug|Any CPU
		{19BB927B-89F7-4ADC-BD3E-3A35D4CCA001}.Debug|Win32.Build.0 = Debug|Any CPU
		{19BB927B-89F7-4ADC-BD3E-3A35D4CCA001}.Debug|x64.ActiveCfg = Debug|Any CPU
		{19BB927B-89F7-4ADC-BD3E-3A35D4CCA001}.Debug|x64.Build.0 = Debug|Any CPU
		{19BB927B-89F7-4ADC-BD3E-3A35D4CCA001}.Debug|x86.ActiveCfg = Debug|Any CPU
		{19BB927B-89F7-4ADC-BD3E-3A35D4CCA001}.Debug|x86.Build.0 = Debug|Any CPU
		{19BB927B-89F7-4ADC-BD3E-3A35D4CCA001}.MinSizeRel|Any CPU.ActiveCfg = Release|Any CPU
		{19BB927B-89F7-4ADC-BD3E-3A35D4CCA001}.MinSizeRel|Any CPU.Build.0 = Release|Any CPU
		{19BB927B-89F7-4ADC-BD3E-3A35D4CCA001}.MinSizeRel|Win32.ActiveCfg = Release|Any CPU
		{19BB927B-89F7-4ADC-BD3E-3A35D4CCA001}.MinSizeRel|Win32.Build.0 = Release|Any CPU
		{19BB927B-89F7-4ADC-BD3E-3A35D4CCA001}.MinSizeRel|x64.ActiveCfg = Release|Any CPU
		{19BB927B-89F7-4ADC-BD3E-3A35D4CCA001}.MinSizeRel|x64.Build.0 = Release|Any CPU
		{19BB927B-89F7-4ADC-BD3E-3A35D4CCA001}.MinSizeRel|x86.ActiveCfg = Release|Any CPU
		{19BB927B-89F7-4ADC-BD3E-3A35D4CCA001}.MinSizeRel|x86.Build.0 = Release|Any CPU
		{19BB927B-89F7-4ADC-BD3E-3A35D4CCA001}.Release|Any CPU.ActiveCfg = Release|Any CPU
		{19BB927B-89F7-4ADC-BD3E-3A35D4CCA001}.Release|Any CPU.Build.0 = Release|Any CPU
		{19BB927B-89F7-4ADC-BD3E-3A35D4CCA001}.Release|Win32.ActiveCfg = Release|Any CPU
		{19BB927B-89F7-4ADC-BD3E-3A35D4CCA001}.Release|Win32.Build.0 = Release|Any CPU
		{19BB927B-89F7-4ADC-BD3E-3A35D4CCA001}.Release|x64.ActiveCfg = Release|Any CPU
		{19BB927B-89F7-4ADC-BD3E-3A35D4CCA001}.Release|x64.Build.0 = Release|Any CPU
		{19BB927B-89F7-4ADC-BD3E-3A35D4CCA001}.Release|x86.ActiveCfg = Release|Any CPU
		{19BB927B-89F7-4ADC-BD3E-3A35D4CCA001}.Release|x86.Build.0 = Release|Any CPU
		{19BB927B-89F7-4ADC-BD3E-3A35D4CCA001}.RelWithDebInfo|Any CPU.ActiveCfg = Release|Any CPU
		{19BB927B-89F7-4ADC-BD3E-3A35D4CCA001}.RelWithDebInfo|Any CPU.Build.0 = Release|Any CPU
		{19BB927B-89F7-4ADC-BD3E-3A35D4CCA001}.RelWithDebInfo|Win32.ActiveCfg = Release|Any CPU
		{19BB927B-89F7-4ADC-BD3E-3A35D4CCA001}.RelWithDebInfo|Win32.Build.0 = Release|Any CPU
		{19BB927B-89F7-4ADC-BD3E-3A35D4CCA001}.RelWithDebInfo|x64.ActiveCfg = Release|Any CPU
		{19BB927B-89F7-4ADC-BD3E-3A35D4CCA001}.RelWithDebInfo|x64.Build.0 = Release|Any CPU
		{19BB927B-89F7-4ADC-BD3E-3A35D4CCA001}.RelWithDebInfo|x86.ActiveCfg = Release|Any CPU
		{19BB927B-89F7-4ADC-BD3E-3A35D4CCA001}.RelWithDebInfo|x86.Build.0 = Release|Any CPU
		{6E8ABB35-386F-4C29-9F9F-210BE060A483}.Debug|Any CPU.ActiveCfg = Debug|Any CPU
		{6E8ABB35-386F-4C29-9F9F-210BE060A483}.Debug|Any CPU.Build.0 = Debug|Any CPU
		{6E8ABB35-386F-4C29-9F9F-210BE060A483}.Debug|Win32.ActiveCfg = Debug|Any CPU
		{6E8ABB35-386F-4C29-9F9F-210BE060A483}.Debug|Win32.Build.0 = Debug|Any CPU
		{6E8ABB35-386F-4C29-9F9F-210BE060A483}.Debug|x64.ActiveCfg = Debug|Any CPU
		{6E8ABB35-386F-4C29-9F9F-210BE060A483}.Debug|x64.Build.0 = Debug|Any CPU
		{6E8ABB35-386F-4C29-9F9F-210BE060A483}.Debug|x86.ActiveCfg = Debug|Any CPU
		{6E8ABB35-386F-4C29-9F9F-210BE060A483}.Debug|x86.Build.0 = Debug|Any CPU
		{6E8ABB35-386F-4C29-9F9F-210BE060A483}.MinSizeRel|Any CPU.ActiveCfg = Release|Any CPU
		{6E8ABB35-386F-4C29-9F9F-210BE060A483}.MinSizeRel|Any CPU.Build.0 = Release|Any CPU
		{6E8ABB35-386F-4C29-9F9F-210BE060A483}.MinSizeRel|Win32.ActiveCfg = Release|Any CPU
		{6E8ABB35-386F-4C29-9F9F-210BE060A483}.MinSizeRel|Win32.Build.0 = Release|Any CPU
		{6E8ABB35-386F-4C29-9F9F-210BE060A483}.MinSizeRel|x64.ActiveCfg = Release|Any CPU
		{6E8ABB35-386F-4C29-9F9F-210BE060A483}.MinSizeRel|x64.Build.0 = Release|Any CPU
		{6E8ABB35-386F-4C29-9F9F-210BE060A483}.MinSizeRel|x86.ActiveCfg = Release|Any CPU
		{6E8ABB35-386F-4C29-9F9F-210BE060A483}.MinSizeRel|x86.Build.0 = Release|Any CPU
		{6E8ABB35-386F-4C29-9F9F-210BE060A483}.Release|Any CPU.ActiveCfg = Release|Any CPU
		{6E8ABB35-386F-4C29-9F9F-210BE060A483}.Release|Any CPU.Build.0 = Release|Any CPU
		{6E8ABB35-386F-4C29-9F9F-210BE060A483}.Release|Win32.ActiveCfg = Release|Any CPU
		{6E8ABB35-386F-4C29-9F9F-210BE060A483}.Release|Win32.Build.0 = Release|Any CPU
		{6E8ABB35-386F-4C29-9F9F-210BE060A483}.Release|x64.ActiveCfg = Release|Any CPU
		{6E8ABB35-386F-4C29-9F9F-210BE060A483}.Release|x64.Build.0 = Release|Any CPU
		{6E8ABB35-386F-4C29-9F9F-210BE060A483}.Release|x86.ActiveCfg = Release|Any CPU
		{6E8ABB35-386F-4C29-9F9F-210BE060A483}.Release|x86.Build.0 = Release|Any CPU
		{6E8ABB35-386F-4C29-9F9F-210BE060A483}.RelWithDebInfo|Any CPU.ActiveCfg = Release|Any CPU
		{6E8ABB35-386F-4C29-9F9F-210BE060A483}.RelWithDebInfo|Any CPU.Build.0 = Release|Any CPU
		{6E8ABB35-386F-4C29-9F9F-210BE060A483}.RelWithDebInfo|Win32.ActiveCfg = Release|Any CPU
		{6E8ABB35-386F-4C29-9F9F-210BE060A483}.RelWithDebInfo|Win32.Build.0 = Release|Any CPU
		{6E8ABB35-386F-4C29-9F9F-210BE060A483}.RelWithDebInfo|x64.ActiveCfg = Release|Any CPU
		{6E8ABB35-386F-4C29-9F9F-210BE060A483}.RelWithDebInfo|x64.Build.0 = Release|Any CPU
		{6E8ABB35-386F-4C29-9F9F-210BE060A483}.RelWithDebInfo|x86.ActiveCfg = Release|Any CPU
		{6E8ABB35-386F-4C29-9F9F-210BE060A483}.RelWithDebInfo|x86.Build.0 = Release|Any CPU
		{FE68F5A7-DB76-41FE-A01E-B7B9ABE398B6}.Debug|Any CPU.ActiveCfg = Debug|Any CPU
		{FE68F5A7-DB76-41FE-A01E-B7B9ABE398B6}.Debug|Any CPU.Build.0 = Debug|Any CPU
		{FE68F5A7-DB76-41FE-A01E-B7B9ABE398B6}.Debug|Win32.ActiveCfg = Debug|x86
		{FE68F5A7-DB76-41FE-A01E-B7B9ABE398B6}.Debug|Win32.Build.0 = Debug|x86
		{FE68F5A7-DB76-41FE-A01E-B7B9ABE398B6}.Debug|x64.ActiveCfg = Debug|Any CPU
		{FE68F5A7-DB76-41FE-A01E-B7B9ABE398B6}.Debug|x64.Build.0 = Debug|Any CPU
		{FE68F5A7-DB76-41FE-A01E-B7B9ABE398B6}.Debug|x86.ActiveCfg = Debug|x86
		{FE68F5A7-DB76-41FE-A01E-B7B9ABE398B6}.Debug|x86.Build.0 = Debug|x86
		{FE68F5A7-DB76-41FE-A01E-B7B9ABE398B6}.MinSizeRel|Any CPU.ActiveCfg = Release|Any CPU
		{FE68F5A7-DB76-41FE-A01E-B7B9ABE398B6}.MinSizeRel|Any CPU.Build.0 = Release|Any CPU
		{FE68F5A7-DB76-41FE-A01E-B7B9ABE398B6}.MinSizeRel|Win32.ActiveCfg = Release|x86
		{FE68F5A7-DB76-41FE-A01E-B7B9ABE398B6}.MinSizeRel|Win32.Build.0 = Release|x86
		{FE68F5A7-DB76-41FE-A01E-B7B9ABE398B6}.MinSizeRel|x64.ActiveCfg = Release|Any CPU
		{FE68F5A7-DB76-41FE-A01E-B7B9ABE398B6}.MinSizeRel|x64.Build.0 = Release|Any CPU
		{FE68F5A7-DB76-41FE-A01E-B7B9ABE398B6}.MinSizeRel|x86.ActiveCfg = Release|x86
		{FE68F5A7-DB76-41FE-A01E-B7B9ABE398B6}.MinSizeRel|x86.Build.0 = Release|x86
		{FE68F5A7-DB76-41FE-A01E-B7B9ABE398B6}.Release|Any CPU.ActiveCfg = Release|Any CPU
		{FE68F5A7-DB76-41FE-A01E-B7B9ABE398B6}.Release|Any CPU.Build.0 = Release|Any CPU
		{FE68F5A7-DB76-41FE-A01E-B7B9ABE398B6}.Release|Win32.ActiveCfg = Release|x86
		{FE68F5A7-DB76-41FE-A01E-B7B9ABE398B6}.Release|Win32.Build.0 = Release|x86
		{FE68F5A7-DB76-41FE-A01E-B7B9ABE398B6}.Release|x64.ActiveCfg = Release|Any CPU
		{FE68F5A7-DB76-41FE-A01E-B7B9ABE398B6}.Release|x64.Build.0 = Release|Any CPU
		{FE68F5A7-DB76-41FE-A01E-B7B9ABE398B6}.Release|x86.ActiveCfg = Release|Any CPU
		{FE68F5A7-DB76-41FE-A01E-B7B9ABE398B6}.Release|x86.Build.0 = Release|Any CPU
		{FE68F5A7-DB76-41FE-A01E-B7B9ABE398B6}.RelWithDebInfo|Any CPU.ActiveCfg = Release|Any CPU
		{FE68F5A7-DB76-41FE-A01E-B7B9ABE398B6}.RelWithDebInfo|Any CPU.Build.0 = Release|Any CPU
		{FE68F5A7-DB76-41FE-A01E-B7B9ABE398B6}.RelWithDebInfo|Win32.ActiveCfg = Release|x86
		{FE68F5A7-DB76-41FE-A01E-B7B9ABE398B6}.RelWithDebInfo|Win32.Build.0 = Release|x86
		{FE68F5A7-DB76-41FE-A01E-B7B9ABE398B6}.RelWithDebInfo|x64.ActiveCfg = Release|Any CPU
		{FE68F5A7-DB76-41FE-A01E-B7B9ABE398B6}.RelWithDebInfo|x64.Build.0 = Release|Any CPU
		{FE68F5A7-DB76-41FE-A01E-B7B9ABE398B6}.RelWithDebInfo|x86.ActiveCfg = Release|x86
		{FE68F5A7-DB76-41FE-A01E-B7B9ABE398B6}.RelWithDebInfo|x86.Build.0 = Release|x86
		{FAFDF5F0-D0A4-4692-A468-B30AC77CFBBF}.Debug|Any CPU.ActiveCfg = Debug|Win32
		{FAFDF5F0-D0A4-4692-A468-B30AC77CFBBF}.Debug|Win32.ActiveCfg = Debug|Win32
		{FAFDF5F0-D0A4-4692-A468-B30AC77CFBBF}.Debug|Win32.Build.0 = Debug|Win32
		{FAFDF5F0-D0A4-4692-A468-B30AC77CFBBF}.Debug|x64.ActiveCfg = Debug|x64
		{FAFDF5F0-D0A4-4692-A468-B30AC77CFBBF}.Debug|x64.Build.0 = Debug|x64
		{FAFDF5F0-D0A4-4692-A468-B30AC77CFBBF}.Debug|x86.ActiveCfg = Debug|Win32
		{FAFDF5F0-D0A4-4692-A468-B30AC77CFBBF}.Debug|x86.Build.0 = Debug|Win32
		{FAFDF5F0-D0A4-4692-A468-B30AC77CFBBF}.MinSizeRel|Any CPU.ActiveCfg = Release|x64
		{FAFDF5F0-D0A4-4692-A468-B30AC77CFBBF}.MinSizeRel|Any CPU.Build.0 = Release|x64
		{FAFDF5F0-D0A4-4692-A468-B30AC77CFBBF}.MinSizeRel|Win32.ActiveCfg = Release|Win32
		{FAFDF5F0-D0A4-4692-A468-B30AC77CFBBF}.MinSizeRel|Win32.Build.0 = Release|Win32
		{FAFDF5F0-D0A4-4692-A468-B30AC77CFBBF}.MinSizeRel|x64.ActiveCfg = Release|x64
		{FAFDF5F0-D0A4-4692-A468-B30AC77CFBBF}.MinSizeRel|x64.Build.0 = Release|x64
		{FAFDF5F0-D0A4-4692-A468-B30AC77CFBBF}.MinSizeRel|x86.ActiveCfg = Release|Win32
		{FAFDF5F0-D0A4-4692-A468-B30AC77CFBBF}.MinSizeRel|x86.Build.0 = Release|Win32
		{FAFDF5F0-D0A4-4692-A468-B30AC77CFBBF}.Release|Any CPU.ActiveCfg = Release|Win32
		{FAFDF5F0-D0A4-4692-A468-B30AC77CFBBF}.Release|Win32.ActiveCfg = Release|Win32
		{FAFDF5F0-D0A4-4692-A468-B30AC77CFBBF}.Release|Win32.Build.0 = Release|Win32
		{FAFDF5F0-D0A4-4692-A468-B30AC77CFBBF}.Release|x64.ActiveCfg = Release|x64
		{FAFDF5F0-D0A4-4692-A468-B30AC77CFBBF}.Release|x64.Build.0 = Release|x64
		{FAFDF5F0-D0A4-4692-A468-B30AC77CFBBF}.Release|x86.ActiveCfg = Release|Win32
		{FAFDF5F0-D0A4-4692-A468-B30AC77CFBBF}.Release|x86.Build.0 = Release|Win32
		{FAFDF5F0-D0A4-4692-A468-B30AC77CFBBF}.RelWithDebInfo|Any CPU.ActiveCfg = Release|x64
		{FAFDF5F0-D0A4-4692-A468-B30AC77CFBBF}.RelWithDebInfo|Any CPU.Build.0 = Release|x64
		{FAFDF5F0-D0A4-4692-A468-B30AC77CFBBF}.RelWithDebInfo|Win32.ActiveCfg = Release|Win32
		{FAFDF5F0-D0A4-4692-A468-B30AC77CFBBF}.RelWithDebInfo|Win32.Build.0 = Release|Win32
		{FAFDF5F0-D0A4-4692-A468-B30AC77CFBBF}.RelWithDebInfo|x64.ActiveCfg = Release|x64
		{FAFDF5F0-D0A4-4692-A468-B30AC77CFBBF}.RelWithDebInfo|x64.Build.0 = Release|x64
		{FAFDF5F0-D0A4-4692-A468-B30AC77CFBBF}.RelWithDebInfo|x86.ActiveCfg = Release|Win32
		{FAFDF5F0-D0A4-4692-A468-B30AC77CFBBF}.RelWithDebInfo|x86.Build.0 = Release|Win32
		{257EB9C5-F540-4540-9F3F-B1EA465C979F}.Debug|Any CPU.ActiveCfg = Debug
		{257EB9C5-F540-4540-9F3F-B1EA465C979F}.Debug|Win32.ActiveCfg = Debug
		{257EB9C5-F540-4540-9F3F-B1EA465C979F}.Debug|Win32.Build.0 = Debug
		{257EB9C5-F540-4540-9F3F-B1EA465C979F}.Debug|x64.ActiveCfg = Debug
		{257EB9C5-F540-4540-9F3F-B1EA465C979F}.Debug|x86.ActiveCfg = Debug
		{257EB9C5-F540-4540-9F3F-B1EA465C979F}.MinSizeRel|Any CPU.ActiveCfg = Release
		{257EB9C5-F540-4540-9F3F-B1EA465C979F}.MinSizeRel|Any CPU.Build.0 = Release
		{257EB9C5-F540-4540-9F3F-B1EA465C979F}.MinSizeRel|Win32.ActiveCfg = Release
		{257EB9C5-F540-4540-9F3F-B1EA465C979F}.MinSizeRel|Win32.Build.0 = Release
		{257EB9C5-F540-4540-9F3F-B1EA465C979F}.MinSizeRel|x64.ActiveCfg = Release
		{257EB9C5-F540-4540-9F3F-B1EA465C979F}.MinSizeRel|x64.Build.0 = Release
		{257EB9C5-F540-4540-9F3F-B1EA465C979F}.MinSizeRel|x86.ActiveCfg = Release
		{257EB9C5-F540-4540-9F3F-B1EA465C979F}.MinSizeRel|x86.Build.0 = Release
		{257EB9C5-F540-4540-9F3F-B1EA465C979F}.Release|Any CPU.ActiveCfg = Release
		{257EB9C5-F540-4540-9F3F-B1EA465C979F}.Release|Win32.ActiveCfg = Release
		{257EB9C5-F540-4540-9F3F-B1EA465C979F}.Release|Win32.Build.0 = Release
		{257EB9C5-F540-4540-9F3F-B1EA465C979F}.Release|x64.ActiveCfg = Release
		{257EB9C5-F540-4540-9F3F-B1EA465C979F}.Release|x86.ActiveCfg = Release
		{257EB9C5-F540-4540-9F3F-B1EA465C979F}.RelWithDebInfo|Any CPU.ActiveCfg = Release
		{257EB9C5-F540-4540-9F3F-B1EA465C979F}.RelWithDebInfo|Any CPU.Build.0 = Release
		{257EB9C5-F540-4540-9F3F-B1EA465C979F}.RelWithDebInfo|Win32.ActiveCfg = Release
		{257EB9C5-F540-4540-9F3F-B1EA465C979F}.RelWithDebInfo|Win32.Build.0 = Release
		{257EB9C5-F540-4540-9F3F-B1EA465C979F}.RelWithDebInfo|x64.ActiveCfg = Release
		{257EB9C5-F540-4540-9F3F-B1EA465C979F}.RelWithDebInfo|x64.Build.0 = Release
		{257EB9C5-F540-4540-9F3F-B1EA465C979F}.RelWithDebInfo|x86.ActiveCfg = Release
		{257EB9C5-F540-4540-9F3F-B1EA465C979F}.RelWithDebInfo|x86.Build.0 = Release
		{717E6E65-6679-49C9-BFB5-140E3C7ED571}.Debug|Any CPU.ActiveCfg = Debug|Win32
		{717E6E65-6679-49C9-BFB5-140E3C7ED571}.Debug|Win32.ActiveCfg = Debug|Win32
		{717E6E65-6679-49C9-BFB5-140E3C7ED571}.Debug|Win32.Build.0 = Debug|Win32
		{717E6E65-6679-49C9-BFB5-140E3C7ED571}.Debug|x64.ActiveCfg = Debug|x64
		{717E6E65-6679-49C9-BFB5-140E3C7ED571}.Debug|x64.Build.0 = Debug|x64
		{717E6E65-6679-49C9-BFB5-140E3C7ED571}.Debug|x86.ActiveCfg = Debug|Win32
		{717E6E65-6679-49C9-BFB5-140E3C7ED571}.Debug|x86.Build.0 = Debug|Win32
		{717E6E65-6679-49C9-BFB5-140E3C7ED571}.MinSizeRel|Any CPU.ActiveCfg = Debug|Win32
		{717E6E65-6679-49C9-BFB5-140E3C7ED571}.MinSizeRel|Any CPU.Build.0 = Debug|Win32
		{717E6E65-6679-49C9-BFB5-140E3C7ED571}.MinSizeRel|Win32.ActiveCfg = Debug|Win32
		{717E6E65-6679-49C9-BFB5-140E3C7ED571}.MinSizeRel|Win32.Build.0 = Debug|Win32
		{717E6E65-6679-49C9-BFB5-140E3C7ED571}.MinSizeRel|x64.ActiveCfg = Debug|x64
		{717E6E65-6679-49C9-BFB5-140E3C7ED571}.MinSizeRel|x64.Build.0 = Debug|x64
		{717E6E65-6679-49C9-BFB5-140E3C7ED571}.MinSizeRel|x86.ActiveCfg = Debug|Win32
		{717E6E65-6679-49C9-BFB5-140E3C7ED571}.MinSizeRel|x86.Build.0 = Debug|Win32
		{717E6E65-6679-49C9-BFB5-140E3C7ED571}.Release|Any CPU.ActiveCfg = Release|Win32
		{717E6E65-6679-49C9-BFB5-140E3C7ED571}.Release|Win32.ActiveCfg = Release|Win32
		{717E6E65-6679-49C9-BFB5-140E3C7ED571}.Release|Win32.Build.0 = Release|Win32
		{717E6E65-6679-49C9-BFB5-140E3C7ED571}.Release|x64.ActiveCfg = Release|x64
		{717E6E65-6679-49C9-BFB5-140E3C7ED571}.Release|x64.Build.0 = Release|x64
		{717E6E65-6679-49C9-BFB5-140E3C7ED571}.Release|x86.ActiveCfg = Release|Win32
		{717E6E65-6679-49C9-BFB5-140E3C7ED571}.Release|x86.Build.0 = Release|Win32
		{717E6E65-6679-49C9-BFB5-140E3C7ED571}.RelWithDebInfo|Any CPU.ActiveCfg = Debug|Win32
		{717E6E65-6679-49C9-BFB5-140E3C7ED571}.RelWithDebInfo|Any CPU.Build.0 = Debug|Win32
		{717E6E65-6679-49C9-BFB5-140E3C7ED571}.RelWithDebInfo|Win32.ActiveCfg = Release|Win32
		{717E6E65-6679-49C9-BFB5-140E3C7ED571}.RelWithDebInfo|Win32.Build.0 = Release|Win32
		{717E6E65-6679-49C9-BFB5-140E3C7ED571}.RelWithDebInfo|x64.ActiveCfg = Release|x64
		{717E6E65-6679-49C9-BFB5-140E3C7ED571}.RelWithDebInfo|x64.Build.0 = Release|x64
		{717E6E65-6679-49C9-BFB5-140E3C7ED571}.RelWithDebInfo|x86.ActiveCfg = Release|Win32
		{717E6E65-6679-49C9-BFB5-140E3C7ED571}.RelWithDebInfo|x86.Build.0 = Release|Win32
		{5CC316D6-099C-4B6B-B908-9F6DB4B04809}.Debug|Any CPU.ActiveCfg = Debug|Win32
		{5CC316D6-099C-4B6B-B908-9F6DB4B04809}.Debug|Win32.ActiveCfg = Debug|Win32
		{5CC316D6-099C-4B6B-B908-9F6DB4B04809}.Debug|Win32.Build.0 = Debug|Win32
		{5CC316D6-099C-4B6B-B908-9F6DB4B04809}.Debug|x64.ActiveCfg = Debug|x64
		{5CC316D6-099C-4B6B-B908-9F6DB4B04809}.Debug|x64.Build.0 = Debug|x64
		{5CC316D6-099C-4B6B-B908-9F6DB4B04809}.Debug|x86.ActiveCfg = Debug|Win32
		{5CC316D6-099C-4B6B-B908-9F6DB4B04809}.Debug|x86.Build.0 = Debug|Win32
		{5CC316D6-099C-4B6B-B908-9F6DB4B04809}.MinSizeRel|Any CPU.ActiveCfg = Debug|Win32
		{5CC316D6-099C-4B6B-B908-9F6DB4B04809}.MinSizeRel|Any CPU.Build.0 = Debug|Win32
		{5CC316D6-099C-4B6B-B908-9F6DB4B04809}.MinSizeRel|Win32.ActiveCfg = Debug|Win32
		{5CC316D6-099C-4B6B-B908-9F6DB4B04809}.MinSizeRel|Win32.Build.0 = Debug|Win32
		{5CC316D6-099C-4B6B-B908-9F6DB4B04809}.MinSizeRel|x64.ActiveCfg = Debug|x64
		{5CC316D6-099C-4B6B-B908-9F6DB4B04809}.MinSizeRel|x64.Build.0 = Debug|x64
		{5CC316D6-099C-4B6B-B908-9F6DB4B04809}.MinSizeRel|x86.ActiveCfg = Debug|Win32
		{5CC316D6-099C-4B6B-B908-9F6DB4B04809}.MinSizeRel|x86.Build.0 = Debug|Win32
		{5CC316D6-099C-4B6B-B908-9F6DB4B04809}.Release|Any CPU.ActiveCfg = Release|Win32
		{5CC316D6-099C-4B6B-B908-9F6DB4B04809}.Release|Win32.ActiveCfg = Release|Win32
		{5CC316D6-099C-4B6B-B908-9F6DB4B04809}.Release|Win32.Build.0 = Release|Win32
		{5CC316D6-099C-4B6B-B908-9F6DB4B04809}.Release|x64.ActiveCfg = Release|x64
		{5CC316D6-099C-4B6B-B908-9F6DB4B04809}.Release|x64.Build.0 = Release|x64
		{5CC316D6-099C-4B6B-B908-9F6DB4B04809}.Release|x86.ActiveCfg = Release|Win32
		{5CC316D6-099C-4B6B-B908-9F6DB4B04809}.Release|x86.Build.0 = Release|Win32
		{5CC316D6-099C-4B6B-B908-9F6DB4B04809}.RelWithDebInfo|Any CPU.ActiveCfg = Debug|Win32
		{5CC316D6-099C-4B6B-B908-9F6DB4B04809}.RelWithDebInfo|Any CPU.Build.0 = Debug|Win32
		{5CC316D6-099C-4B6B-B908-9F6DB4B04809}.RelWithDebInfo|Win32.ActiveCfg = Release|Win32
		{5CC316D6-099C-4B6B-B908-9F6DB4B04809}.RelWithDebInfo|Win32.Build.0 = Release|Win32
		{5CC316D6-099C-4B6B-B908-9F6DB4B04809}.RelWithDebInfo|x64.ActiveCfg = Release|x64
		{5CC316D6-099C-4B6B-B908-9F6DB4B04809}.RelWithDebInfo|x64.Build.0 = Release|x64
		{5CC316D6-099C-4B6B-B908-9F6DB4B04809}.RelWithDebInfo|x86.ActiveCfg = Release|Win32
		{5CC316D6-099C-4B6B-B908-9F6DB4B04809}.RelWithDebInfo|x86.Build.0 = Release|Win32
		{E1C89AF0-879F-4F0A-8565-B5BF258609ED}.Debug|Any CPU.ActiveCfg = Debug|Win32
		{E1C89AF0-879F-4F0A-8565-B5BF258609ED}.Debug|Win32.ActiveCfg = Debug|Win32
		{E1C89AF0-879F-4F0A-8565-B5BF258609ED}.Debug|Win32.Build.0 = Debug|Win32
		{E1C89AF0-879F-4F0A-8565-B5BF258609ED}.Debug|x64.ActiveCfg = Debug|x64
		{E1C89AF0-879F-4F0A-8565-B5BF258609ED}.Debug|x64.Build.0 = Debug|x64
		{E1C89AF0-879F-4F0A-8565-B5BF258609ED}.Debug|x86.ActiveCfg = Debug|Win32
		{E1C89AF0-879F-4F0A-8565-B5BF258609ED}.Debug|x86.Build.0 = Debug|Win32
		{E1C89AF0-879F-4F0A-8565-B5BF258609ED}.MinSizeRel|Any CPU.ActiveCfg = Release|x64
		{E1C89AF0-879F-4F0A-8565-B5BF258609ED}.MinSizeRel|Any CPU.Build.0 = Release|x64
		{E1C89AF0-879F-4F0A-8565-B5BF258609ED}.MinSizeRel|Win32.ActiveCfg = Release|Win32
		{E1C89AF0-879F-4F0A-8565-B5BF258609ED}.MinSizeRel|Win32.Build.0 = Release|Win32
		{E1C89AF0-879F-4F0A-8565-B5BF258609ED}.MinSizeRel|x64.ActiveCfg = Release|x64
		{E1C89AF0-879F-4F0A-8565-B5BF258609ED}.MinSizeRel|x64.Build.0 = Release|x64
		{E1C89AF0-879F-4F0A-8565-B5BF258609ED}.MinSizeRel|x86.ActiveCfg = Release|Win32
		{E1C89AF0-879F-4F0A-8565-B5BF258609ED}.MinSizeRel|x86.Build.0 = Release|Win32
		{E1C89AF0-879F-4F0A-8565-B5BF258609ED}.Release|Any CPU.ActiveCfg = Release|Win32
		{E1C89AF0-879F-4F0A-8565-B5BF258609ED}.Release|Win32.ActiveCfg = Release|Win32
		{E1C89AF0-879F-4F0A-8565-B5BF258609ED}.Release|Win32.Build.0 = Release|Win32
		{E1C89AF0-879F-4F0A-8565-B5BF258609ED}.Release|x64.ActiveCfg = Release|x64
		{E1C89AF0-879F-4F0A-8565-B5BF258609ED}.Release|x64.Build.0 = Release|x64
		{E1C89AF0-879F-4F0A-8565-B5BF258609ED}.Release|x86.ActiveCfg = Release|Win32
		{E1C89AF0-879F-4F0A-8565-B5BF258609ED}.Release|x86.Build.0 = Release|Win32
		{E1C89AF0-879F-4F0A-8565-B5BF258609ED}.RelWithDebInfo|Any CPU.ActiveCfg = Release|x64
		{E1C89AF0-879F-4F0A-8565-B5BF258609ED}.RelWithDebInfo|Any CPU.Build.0 = Release|x64
		{E1C89AF0-879F-4F0A-8565-B5BF258609ED}.RelWithDebInfo|Win32.ActiveCfg = Release|Win32
		{E1C89AF0-879F-4F0A-8565-B5BF258609ED}.RelWithDebInfo|Win32.Build.0 = Release|Win32
		{E1C89AF0-879F-4F0A-8565-B5BF258609ED}.RelWithDebInfo|x64.ActiveCfg = Release|x64
		{E1C89AF0-879F-4F0A-8565-B5BF258609ED}.RelWithDebInfo|x64.Build.0 = Release|x64
		{E1C89AF0-879F-4F0A-8565-B5BF258609ED}.RelWithDebInfo|x86.ActiveCfg = Release|Win32
		{E1C89AF0-879F-4F0A-8565-B5BF258609ED}.RelWithDebInfo|x86.Build.0 = Release|Win32
		{07830FF7-FE44-440F-A212-9BC04A23C059}.Debug|Any CPU.ActiveCfg = Debug|Any CPU
		{07830FF7-FE44-440F-A212-9BC04A23C059}.Debug|Any CPU.Build.0 = Debug|Any CPU
		{07830FF7-FE44-440F-A212-9BC04A23C059}.Debug|Win32.ActiveCfg = Debug|Any CPU
		{07830FF7-FE44-440F-A212-9BC04A23C059}.Debug|Win32.Build.0 = Debug|Any CPU
		{07830FF7-FE44-440F-A212-9BC04A23C059}.Debug|x64.ActiveCfg = Debug|Any CPU
		{07830FF7-FE44-440F-A212-9BC04A23C059}.Debug|x64.Build.0 = Debug|Any CPU
		{07830FF7-FE44-440F-A212-9BC04A23C059}.Debug|x86.ActiveCfg = Debug|Any CPU
		{07830FF7-FE44-440F-A212-9BC04A23C059}.Debug|x86.Build.0 = Debug|Any CPU
		{07830FF7-FE44-440F-A212-9BC04A23C059}.MinSizeRel|Any CPU.ActiveCfg = Debug|Any CPU
		{07830FF7-FE44-440F-A212-9BC04A23C059}.MinSizeRel|Any CPU.Build.0 = Debug|Any CPU
		{07830FF7-FE44-440F-A212-9BC04A23C059}.MinSizeRel|Win32.ActiveCfg = Debug|Any CPU
		{07830FF7-FE44-440F-A212-9BC04A23C059}.MinSizeRel|Win32.Build.0 = Debug|Any CPU
		{07830FF7-FE44-440F-A212-9BC04A23C059}.MinSizeRel|x64.ActiveCfg = Debug|Any CPU
		{07830FF7-FE44-440F-A212-9BC04A23C059}.MinSizeRel|x64.Build.0 = Debug|Any CPU
		{07830FF7-FE44-440F-A212-9BC04A23C059}.MinSizeRel|x86.ActiveCfg = Debug|Any CPU
		{07830FF7-FE44-440F-A212-9BC04A23C059}.MinSizeRel|x86.Build.0 = Debug|Any CPU
		{07830FF7-FE44-440F-A212-9BC04A23C059}.Release|Any CPU.ActiveCfg = Release|Any CPU
		{07830FF7-FE44-440F-A212-9BC04A23C059}.Release|Any CPU.Build.0 = Release|Any CPU
		{07830FF7-FE44-440F-A212-9BC04A23C059}.Release|Win32.ActiveCfg = Release|Any CPU
		{07830FF7-FE44-440F-A212-9BC04A23C059}.Release|Win32.Build.0 = Release|Any CPU
		{07830FF7-FE44-440F-A212-9BC04A23C059}.Release|x64.ActiveCfg = Release|Any CPU
		{07830FF7-FE44-440F-A212-9BC04A23C059}.Release|x64.Build.0 = Release|Any CPU
		{07830FF7-FE44-440F-A212-9BC04A23C059}.Release|x86.ActiveCfg = Release|Any CPU
		{07830FF7-FE44-440F-A212-9BC04A23C059}.Release|x86.Build.0 = Release|Any CPU
		{07830FF7-FE44-440F-A212-9BC04A23C059}.RelWithDebInfo|Any CPU.ActiveCfg = Release|Any CPU
		{07830FF7-FE44-440F-A212-9BC04A23C059}.RelWithDebInfo|Any CPU.Build.0 = Release|Any CPU
		{07830FF7-FE44-440F-A212-9BC04A23C059}.RelWithDebInfo|Win32.ActiveCfg = Release|Any CPU
		{07830FF7-FE44-440F-A212-9BC04A23C059}.RelWithDebInfo|Win32.Build.0 = Release|Any CPU
		{07830FF7-FE44-440F-A212-9BC04A23C059}.RelWithDebInfo|x64.ActiveCfg = Release|Any CPU
		{07830FF7-FE44-440F-A212-9BC04A23C059}.RelWithDebInfo|x64.Build.0 = Release|Any CPU
		{07830FF7-FE44-440F-A212-9BC04A23C059}.RelWithDebInfo|x86.ActiveCfg = Release|Any CPU
		{07830FF7-FE44-440F-A212-9BC04A23C059}.RelWithDebInfo|x86.Build.0 = Release|Any CPU
		{88964FF5-B5EC-4FA4-AEA1-EB16C3E931A4}.Debug|Any CPU.ActiveCfg = Debug|Any CPU
		{88964FF5-B5EC-4FA4-AEA1-EB16C3E931A4}.Debug|Any CPU.Build.0 = Debug|Any CPU
		{88964FF5-B5EC-4FA4-AEA1-EB16C3E931A4}.Debug|Win32.ActiveCfg = Debug|Any CPU
		{88964FF5-B5EC-4FA4-AEA1-EB16C3E931A4}.Debug|Win32.Build.0 = Debug|Any CPU
		{88964FF5-B5EC-4FA4-AEA1-EB16C3E931A4}.Debug|x64.ActiveCfg = Debug|Any CPU
		{88964FF5-B5EC-4FA4-AEA1-EB16C3E931A4}.Debug|x64.Build.0 = Debug|Any CPU
		{88964FF5-B5EC-4FA4-AEA1-EB16C3E931A4}.Debug|x86.ActiveCfg = Debug|Any CPU
		{88964FF5-B5EC-4FA4-AEA1-EB16C3E931A4}.Debug|x86.Build.0 = Debug|Any CPU
		{88964FF5-B5EC-4FA4-AEA1-EB16C3E931A4}.MinSizeRel|Any CPU.ActiveCfg = Debug|Any CPU
		{88964FF5-B5EC-4FA4-AEA1-EB16C3E931A4}.MinSizeRel|Any CPU.Build.0 = Debug|Any CPU
		{88964FF5-B5EC-4FA4-AEA1-EB16C3E931A4}.MinSizeRel|Win32.ActiveCfg = Debug|Any CPU
		{88964FF5-B5EC-4FA4-AEA1-EB16C3E931A4}.MinSizeRel|Win32.Build.0 = Debug|Any CPU
		{88964FF5-B5EC-4FA4-AEA1-EB16C3E931A4}.MinSizeRel|x64.ActiveCfg = Debug|Any CPU
		{88964FF5-B5EC-4FA4-AEA1-EB16C3E931A4}.MinSizeRel|x64.Build.0 = Debug|Any CPU
		{88964FF5-B5EC-4FA4-AEA1-EB16C3E931A4}.MinSizeRel|x86.ActiveCfg = Debug|Any CPU
		{88964FF5-B5EC-4FA4-AEA1-EB16C3E931A4}.MinSizeRel|x86.Build.0 = Debug|Any CPU
		{88964FF5-B5EC-4FA4-AEA1-EB16C3E931A4}.Release|Any CPU.ActiveCfg = Release|Any CPU
		{88964FF5-B5EC-4FA4-AEA1-EB16C3E931A4}.Release|Any CPU.Build.0 = Release|Any CPU
		{88964FF5-B5EC-4FA4-AEA1-EB16C3E931A4}.Release|Win32.ActiveCfg = Release|Any CPU
		{88964FF5-B5EC-4FA4-AEA1-EB16C3E931A4}.Release|Win32.Build.0 = Release|Any CPU
		{88964FF5-B5EC-4FA4-AEA1-EB16C3E931A4}.Release|x64.ActiveCfg = Release|Any CPU
		{88964FF5-B5EC-4FA4-AEA1-EB16C3E931A4}.Release|x64.Build.0 = Release|Any CPU
		{88964FF5-B5EC-4FA4-AEA1-EB16C3E931A4}.Release|x86.ActiveCfg = Release|Any CPU
		{88964FF5-B5EC-4FA4-AEA1-EB16C3E931A4}.Release|x86.Build.0 = Release|Any CPU
		{88964FF5-B5EC-4FA4-AEA1-EB16C3E931A4}.RelWithDebInfo|Any CPU.ActiveCfg = Release|Any CPU
		{88964FF5-B5EC-4FA4-AEA1-EB16C3E931A4}.RelWithDebInfo|Any CPU.Build.0 = Release|Any CPU
		{88964FF5-B5EC-4FA4-AEA1-EB16C3E931A4}.RelWithDebInfo|Win32.ActiveCfg = Release|Any CPU
		{88964FF5-B5EC-4FA4-AEA1-EB16C3E931A4}.RelWithDebInfo|Win32.Build.0 = Release|Any CPU
		{88964FF5-B5EC-4FA4-AEA1-EB16C3E931A4}.RelWithDebInfo|x64.ActiveCfg = Release|Any CPU
		{88964FF5-B5EC-4FA4-AEA1-EB16C3E931A4}.RelWithDebInfo|x64.Build.0 = Release|Any CPU
		{88964FF5-B5EC-4FA4-AEA1-EB16C3E931A4}.RelWithDebInfo|x86.ActiveCfg = Release|Any CPU
		{88964FF5-B5EC-4FA4-AEA1-EB16C3E931A4}.RelWithDebInfo|x86.Build.0 = Release|Any CPU
	EndGlobalSection
	GlobalSection(SolutionProperties) = preSolution
		HideSolutionNode = FALSE
	EndGlobalSection
	GlobalSection(ExtensibilityGlobals) = postSolution
		SolutionGuid = {4D81DBD8-86C8-4C64-84E3-C051E86061D9}
	EndGlobalSection
EndGlobal
