
Microsoft Visual Studio Solution File, Format Version 12.00
# Visual Studio Version 16
VisualStudioVersion = 16.0.31129.286
MinimumVisualStudioVersion = 10.0.40219.1
Project("{FAE04EC0-301F-11D3-BF4B-00C04F79EFBC}") = "FileManager", "FileManager\FileManager.csproj", "{1E5DD95E-AC1A-4FA9-90C4-436999CE2002}"
EndProject
Project("{8BC9CEB8-8B4A-11D0-8D11-00A0C91BC942}") = "ClientOpcUa", "ClientOpcUa\ClientOpcUa.vcxproj", "{BEB58637-5293-453B-B4BB-62B3A2785DAE}"
EndProject
Project("{FAE04EC0-301F-11D3-BF4B-00C04F79EFBC}") = "OpcUaExplorer", "OpcUaExplorer\OpcUaExplorer.csproj", "{2630B4ED-0AD9-4899-88CB-D67DFFE88CBD}"
EndProject
Global
	GlobalSection(SolutionConfigurationPlatforms) = preSolution
		Debug|Any CPU = Debug|Any CPU
		Debug|x64 = Debug|x64
		Debug|x86 = Debug|x86
		Release|Any CPU = Release|Any CPU
		Release|x64 = Release|x64
		Release|x86 = Release|x86
	EndGlobalSection
	GlobalSection(ProjectConfigurationPlatforms) = postSolution
		{1E5DD95E-AC1A-4FA9-90C4-436999CE2002}.Debug|Any CPU.ActiveCfg = Debug|Any CPU
		{1E5DD95E-AC1A-4FA9-90C4-436999CE2002}.Debug|Any CPU.Build.0 = Debug|Any CPU
		{1E5DD95E-AC1A-4FA9-90C4-436999CE2002}.Debug|x64.ActiveCfg = Debug|Any CPU
		{1E5DD95E-AC1A-4FA9-90C4-436999CE2002}.Debug|x64.Build.0 = Debug|Any CPU
		{1E5DD95E-AC1A-4FA9-90C4-436999CE2002}.Debug|x86.ActiveCfg = Debug|Any CPU
		{1E5DD95E-AC1A-4FA9-90C4-436999CE2002}.Debug|x86.Build.0 = Debug|Any CPU
		{1E5DD95E-AC1A-4FA9-90C4-436999CE2002}.Release|Any CPU.ActiveCfg = Release|Any CPU
		{1E5DD95E-AC1A-4FA9-90C4-436999CE2002}.Release|Any CPU.Build.0 = Release|Any CPU
		{1E5DD95E-AC1A-4FA9-90C4-436999CE2002}.Release|x64.ActiveCfg = Release|Any CPU
		{1E5DD95E-AC1A-4FA9-90C4-436999CE2002}.Release|x64.Build.0 = Release|Any CPU
		{1E5DD95E-AC1A-4FA9-90C4-436999CE2002}.Release|x86.ActiveCfg = Release|Any CPU
		{1E5DD95E-AC1A-4FA9-90C4-436999CE2002}.Release|x86.Build.0 = Release|Any CPU
		{BEB58637-5293-453B-B4BB-62B3A2785DAE}.Debug|Any CPU.ActiveCfg = Debug|Win32
		{BEB58637-5293-453B-B4BB-62B3A2785DAE}.Debug|x64.ActiveCfg = Debug|x64
		{BEB58637-5293-453B-B4BB-62B3A2785DAE}.Debug|x64.Build.0 = Debug|x64
		{BEB58637-5293-453B-B4BB-62B3A2785DAE}.Debug|x86.ActiveCfg = Debug|Win32
		{BEB58637-5293-453B-B4BB-62B3A2785DAE}.Debug|x86.Build.0 = Debug|Win32
		{BEB58637-5293-453B-B4BB-62B3A2785DAE}.Release|Any CPU.ActiveCfg = Release|Win32
		{BEB58637-5293-453B-B4BB-62B3A2785DAE}.Release|x64.ActiveCfg = Release|x64
		{BEB58637-5293-453B-B4BB-62B3A2785DAE}.Release|x64.Build.0 = Release|x64
		{BEB58637-5293-453B-B4BB-62B3A2785DAE}.Release|x86.ActiveCfg = Release|Win32
		{BEB58637-5293-453B-B4BB-62B3A2785DAE}.Release|x86.Build.0 = Release|Win32
		{2630B4ED-0AD9-4899-88CB-D67DFFE88CBD}.Debug|Any CPU.ActiveCfg = Debug|Any CPU
		{2630B4ED-0AD9-4899-88CB-D67DFFE88CBD}.Debug|Any CPU.Build.0 = Debug|Any CPU
		{2630B4ED-0AD9-4899-88CB-D67DFFE88CBD}.Debug|x64.ActiveCfg = Debug|Any CPU
		{2630B4ED-0AD9-4899-88CB-D67DFFE88CBD}.Debug|x64.Build.0 = Debug|Any CPU
		{2630B4ED-0AD9-4899-88CB-D67DFFE88CBD}.Debug|x86.ActiveCfg = Debug|Any CPU
		{2630B4ED-0AD9-4899-88CB-D67DFFE88CBD}.Debug|x86.Build.0 = Debug|Any CPU
		{2630B4ED-0AD9-4899-88CB-D67DFFE88CBD}.Release|Any CPU.ActiveCfg = Release|Any CPU
		{2630B4ED-0AD9-4899-88CB-D67DFFE88CBD}.Release|Any CPU.Build.0 = Release|Any CPU
		{2630B4ED-0AD9-4899-88CB-D67DFFE88CBD}.Release|x64.ActiveCfg = Release|Any CPU
		{2630B4ED-0AD9-4899-88CB-D67DFFE88CBD}.Release|x64.Build.0 = Release|Any CPU
		{2630B4ED-0AD9-4899-88CB-D67DFFE88CBD}.Release|x86.ActiveCfg = Release|Any CPU
		{2630B4ED-0AD9-4899-88CB-D67DFFE88CBD}.Release|x86.Build.0 = Release|Any CPU
	EndGlobalSection
	GlobalSection(SolutionProperties) = preSolution
		HideSolutionNode = FALSE
	EndGlobalSection
	GlobalSection(ExtensibilityGlobals) = postSolution
		SolutionGuid = {4D81DBD8-86C8-4C64-84E3-C051E86061D9}
	EndGlobalSection
EndGlobal
